
Microsoft Visual Studio Solution File, Format Version 12.00
# Visual Studio Version 17
VisualStudioVersion = 17.7.34221.43
MinimumVisualStudioVersion = 10.0.40219.1
Project("{8BC9CEB8-8B4A-11D0-8D11-00A0C91BC942}") = "OSS-2024-Game", "OSS-2024-Game.vcxproj", "{727E3FCC-4836-4D8A-AA34-FBE862B3C394}"
EndProject
Global
	GlobalSection(SolutionConfigurationPlatforms) = preSolution
		Debug|x64 = Debug|x64
		Debug|x86 = Debug|x86
		Release|x64 = Release|x64
		Release|x86 = Release|x86
	EndGlobalSection
	GlobalSection(ProjectConfigurationPlatforms) = postSolution
		{727E3FCC-4836-4D8A-AA34-FBE862B3C394}.Debug|x64.ActiveCfg = Debug|x64
		{727E3FCC-4836-4D8A-AA34-FBE862B3C394}.Debug|x64.Build.0 = Debug|x64
		{727E3FCC-4836-4D8A-AA34-FBE862B3C394}.Debug|x86.ActiveCfg = Debug|Win32
		{727E3FCC-4836-4D8A-AA34-FBE862B3C394}.Debug|x86.Build.0 = Debug|Win32
		{727E3FCC-4836-4D8A-AA34-FBE862B3C394}.Release|x64.ActiveCfg = Release|x64
		{727E3FCC-4836-4D8A-AA34-FBE862B3C394}.Release|x64.Build.0 = Release|x64
		{727E3FCC-4836-4D8A-AA34-FBE862B3C394}.Release|x86.ActiveCfg = Release|Win32
		{727E3FCC-4836-4D8A-AA34-FBE862B3C394}.Release|x86.Build.0 = Release|Win32
	EndGlobalSection
	GlobalSection(SolutionProperties) = preSolution
		HideSolutionNode = FALSE
	EndGlobalSection
	GlobalSection(ExtensibilityGlobals) = postSolution
		SolutionGuid = {B8A5AFB3-44AC-484D-B974-9FD3DCFEFD47}
	EndGlobalSection
EndGlobal
